
Microsoft Visual Studio Solution File, Format Version 12.00
# Visual Studio 2012
Project("{FAE04EC0-301F-11D3-BF4B-00C04F79EFBC}") = "Sample.FluentInterfacePrinciple", "Sample.FluentInterfacePrinciple\Sample.FluentInterfacePrinciple.csproj", "{C9282069-F40D-4E11-849A-154295ED8CDD}"
EndProject
Project("{FAE04EC0-301F-11D3-BF4B-00C04F79EFBC}") = "Sample0", "Sample0\Sample0.csproj", "{6949112D-BF4E-4E86-BCD5-DE6471C7D031}"
EndProject
Project("{FAE04EC0-301F-11D3-BF4B-00C04F79EFBC}") = "Sample1", "Sample1\Sample1.csproj", "{C6E8284A-EB8C-4AAD-9FAB-6168F1DD397A}"
EndProject
Project("{FAE04EC0-301F-11D3-BF4B-00C04F79EFBC}") = "Sample2", "Sample2\Sample2.csproj", "{D05FDD1D-3B86-4FD4-BBA3-784558B42020}"
EndProject
Global
	GlobalSection(SolutionConfigurationPlatforms) = preSolution
		Debug|Any CPU = Debug|Any CPU
		Release|Any CPU = Release|Any CPU
	EndGlobalSection
	GlobalSection(ProjectConfigurationPlatforms) = postSolution
		{C9282069-F40D-4E11-849A-154295ED8CDD}.Debug|Any CPU.ActiveCfg = Debug|Any CPU
		{C9282069-F40D-4E11-849A-154295ED8CDD}.Debug|Any CPU.Build.0 = Debug|Any CPU
		{C9282069-F40D-4E11-849A-154295ED8CDD}.Release|Any CPU.ActiveCfg = Release|Any CPU
		{C9282069-F40D-4E11-849A-154295ED8CDD}.Release|Any CPU.Build.0 = Release|Any CPU
		{6949112D-BF4E-4E86-BCD5-DE6471C7D031}.Debug|Any CPU.ActiveCfg = Debug|Any CPU
		{6949112D-BF4E-4E86-BCD5-DE6471C7D031}.Debug|Any CPU.Build.0 = Debug|Any CPU
		{6949112D-BF4E-4E86-BCD5-DE6471C7D031}.Release|Any CPU.ActiveCfg = Release|Any CPU
		{6949112D-BF4E-4E86-BCD5-DE6471C7D031}.Release|Any CPU.Build.0 = Release|Any CPU
		{C6E8284A-EB8C-4AAD-9FAB-6168F1DD397A}.Debug|Any CPU.ActiveCfg = Debug|Any CPU
		{C6E8284A-EB8C-4AAD-9FAB-6168F1DD397A}.Debug|Any CPU.Build.0 = Debug|Any CPU
		{C6E8284A-EB8C-4AAD-9FAB-6168F1DD397A}.Release|Any CPU.ActiveCfg = Release|Any CPU
		{C6E8284A-EB8C-4AAD-9FAB-6168F1DD397A}.Release|Any CPU.Build.0 = Release|Any CPU
		{D05FDD1D-3B86-4FD4-BBA3-784558B42020}.Debug|Any CPU.ActiveCfg = Debug|Any CPU
		{D05FDD1D-3B86-4FD4-BBA3-784558B42020}.Debug|Any CPU.Build.0 = Debug|Any CPU
		{D05FDD1D-3B86-4FD4-BBA3-784558B42020}.Release|Any CPU.ActiveCfg = Release|Any CPU
		{D05FDD1D-3B86-4FD4-BBA3-784558B42020}.Release|Any CPU.Build.0 = Release|Any CPU
	EndGlobalSection
	GlobalSection(SolutionProperties) = preSolution
		HideSolutionNode = FALSE
	EndGlobalSection
EndGlobal
